
Microsoft Visual Studio Solution File, Format Version 12.00
# Visual Studio 15
VisualStudioVersion = 15.0.27004.2002
MinimumVisualStudioVersion = 10.0.40219.1
Project("{2150E333-8FDC-42A3-9474-1A3956D46DE8}") = "1.LMS.Server", "1.LMS.Server", "{F06BBA73-5DE2-4388-89EE-391E197B8FB9}"
EndProject
Project("{2150E333-8FDC-42A3-9474-1A3956D46DE8}") = "2.LMS.Service", "2.LMS.Service", "{5522FAE4-7A6E-4451-8F49-E70FF927241A}"
EndProject
Project("{2150E333-8FDC-42A3-9474-1A3956D46DE8}") = "3.LMS.Repository", "3.LMS.Repository", "{089B3480-099F-479E-A457-CDD6D1A75AA3}"
EndProject
Project("{2150E333-8FDC-42A3-9474-1A3956D46DE8}") = "4.LMS.Model", "4.LMS.Model", "{11BBA3D2-E87A-413B-9DB9-C803DF29DE25}"
EndProject
Project("{FAE04EC0-301F-11D3-BF4B-00C04F79EFBC}") = "LCLMS.Server", "LCLMS.Server\LCLMS.Server.csproj", "{E5AA0FD4-748B-4CF2-8E76-66D87EF9FC5B}"
EndProject
Project("{FAE04EC0-301F-11D3-BF4B-00C04F79EFBC}") = "LCLMS.Service", "LCLMS.Service\LCLMS.Service.csproj", "{E511AC41-B797-47CB-93C6-A2326F2C276C}"
EndProject
Project("{FAE04EC0-301F-11D3-BF4B-00C04F79EFBC}") = "LCLMS.Repository", "LCLMS.Repository\LCLMS.Repository.csproj", "{5F0F03C2-9672-4960-B771-3D888A2D1D38}"
EndProject
Project("{FAE04EC0-301F-11D3-BF4B-00C04F79EFBC}") = "LCLMS.Model", "LCLMS.Model\LCLMS.Model.csproj", "{7A3B8560-CBD4-41F0-AAD6-96F34F996F47}"
EndProject
Project("{FAE04EC0-301F-11D3-BF4B-00C04F79EFBC}") = "LCLMS.ViewModel", "LCLMS.ViewModel\LCLMS.ViewModel.csproj", "{5FE37821-8363-4AAD-92E5-3E3C0DC012FB}"
EndProject
Project("{FAE04EC0-301F-11D3-BF4B-00C04F79EFBC}") = "LCLMS.RequestModel", "LCLMS.RequestModel\LCLMS.RequestModel.csproj", "{1BA30A70-6875-40E6-B2C2-2BD17B336C9F}"
EndProject
Global
	GlobalSection(SolutionConfigurationPlatforms) = preSolution
		Debug|Any CPU = Debug|Any CPU
		Release|Any CPU = Release|Any CPU
	EndGlobalSection
	GlobalSection(ProjectConfigurationPlatforms) = postSolution
		{E5AA0FD4-748B-4CF2-8E76-66D87EF9FC5B}.Debug|Any CPU.ActiveCfg = Debug|Any CPU
		{E5AA0FD4-748B-4CF2-8E76-66D87EF9FC5B}.Debug|Any CPU.Build.0 = Debug|Any CPU
		{E5AA0FD4-748B-4CF2-8E76-66D87EF9FC5B}.Release|Any CPU.ActiveCfg = Release|Any CPU
		{E5AA0FD4-748B-4CF2-8E76-66D87EF9FC5B}.Release|Any CPU.Build.0 = Release|Any CPU
		{E511AC41-B797-47CB-93C6-A2326F2C276C}.Debug|Any CPU.ActiveCfg = Debug|Any CPU
		{E511AC41-B797-47CB-93C6-A2326F2C276C}.Debug|Any CPU.Build.0 = Debug|Any CPU
		{E511AC41-B797-47CB-93C6-A2326F2C276C}.Release|Any CPU.ActiveCfg = Release|Any CPU
		{E511AC41-B797-47CB-93C6-A2326F2C276C}.Release|Any CPU.Build.0 = Release|Any CPU
		{5F0F03C2-9672-4960-B771-3D888A2D1D38}.Debug|Any CPU.ActiveCfg = Debug|Any CPU
		{5F0F03C2-9672-4960-B771-3D888A2D1D38}.Debug|Any CPU.Build.0 = Debug|Any CPU
		{5F0F03C2-9672-4960-B771-3D888A2D1D38}.Release|Any CPU.ActiveCfg = Release|Any CPU
		{5F0F03C2-9672-4960-B771-3D888A2D1D38}.Release|Any CPU.Build.0 = Release|Any CPU
		{7A3B8560-CBD4-41F0-AAD6-96F34F996F47}.Debug|Any CPU.ActiveCfg = Debug|Any CPU
		{7A3B8560-CBD4-41F0-AAD6-96F34F996F47}.Debug|Any CPU.Build.0 = Debug|Any CPU
		{7A3B8560-CBD4-41F0-AAD6-96F34F996F47}.Release|Any CPU.ActiveCfg = Release|Any CPU
		{7A3B8560-CBD4-41F0-AAD6-96F34F996F47}.Release|Any CPU.Build.0 = Release|Any CPU
		{5FE37821-8363-4AAD-92E5-3E3C0DC012FB}.Debug|Any CPU.ActiveCfg = Debug|Any CPU
		{5FE37821-8363-4AAD-92E5-3E3C0DC012FB}.Debug|Any CPU.Build.0 = Debug|Any CPU
		{5FE37821-8363-4AAD-92E5-3E3C0DC012FB}.Release|Any CPU.ActiveCfg = Release|Any CPU
		{5FE37821-8363-4AAD-92E5-3E3C0DC012FB}.Release|Any CPU.Build.0 = Release|Any CPU
		{1BA30A70-6875-40E6-B2C2-2BD17B336C9F}.Debug|Any CPU.ActiveCfg = Debug|Any CPU
		{1BA30A70-6875-40E6-B2C2-2BD17B336C9F}.Debug|Any CPU.Build.0 = Debug|Any CPU
		{1BA30A70-6875-40E6-B2C2-2BD17B336C9F}.Release|Any CPU.ActiveCfg = Release|Any CPU
		{1BA30A70-6875-40E6-B2C2-2BD17B336C9F}.Release|Any CPU.Build.0 = Release|Any CPU
	EndGlobalSection
	GlobalSection(SolutionProperties) = preSolution
		HideSolutionNode = FALSE
	EndGlobalSection
	GlobalSection(NestedProjects) = preSolution
		{E5AA0FD4-748B-4CF2-8E76-66D87EF9FC5B} = {F06BBA73-5DE2-4388-89EE-391E197B8FB9}
		{E511AC41-B797-47CB-93C6-A2326F2C276C} = {5522FAE4-7A6E-4451-8F49-E70FF927241A}
		{5F0F03C2-9672-4960-B771-3D888A2D1D38} = {089B3480-099F-479E-A457-CDD6D1A75AA3}
		{7A3B8560-CBD4-41F0-AAD6-96F34F996F47} = {11BBA3D2-E87A-413B-9DB9-C803DF29DE25}
		{5FE37821-8363-4AAD-92E5-3E3C0DC012FB} = {11BBA3D2-E87A-413B-9DB9-C803DF29DE25}
		{1BA30A70-6875-40E6-B2C2-2BD17B336C9F} = {11BBA3D2-E87A-413B-9DB9-C803DF29DE25}
	EndGlobalSection
	GlobalSection(ExtensibilityGlobals) = postSolution
		SolutionGuid = {8FF34D21-2B40-4744-B400-5AF5F647858A}
	EndGlobalSection
EndGlobal
